{
  "name": "basic-delay",
  "version": "1.0.0",
  "lockfileVersion": 1,
  "requires": true,
  "dependencies": {
    "beautify-benchmark": {
      "version": "0.2.4",
      "resolved": "https://registry.npmjs.org/beautify-benchmark/-/beautify-benchmark-0.2.4.tgz",
      "integrity": "sha1-MVHe8UwaLg0H/y5HaGHH7Q4a45s=",
      "dev": true
    },
    "benchmark": {
      "version": "2.1.4",
      "resolved": "https://registry.npmjs.org/benchmark/-/benchmark-2.1.4.tgz",
      "integrity": "sha1-CfPeMckWQl1JjMLuVloOvzwqVik=",
      "dev": true,
      "requires": {
        "lodash": "^4.17.4",
        "platform": "^1.3.3"
      }
    },
    "lodash": {
      "version": "4.17.20",
      "resolved": "https://registry.npmjs.org/lodash/-/lodash-4.17.20.tgz",
      "integrity": "sha512-PlhdFcillOINfeV7Ni6oF1TAEayyZBoZ8bcshTHqOYJYlrqzRK5hagpagky5o4HfCzzd1TRkXPMFq6cKk9rGmA==",
      "dev": true
    },
    "lowcarb": {
      "version": "0.6.0",
      "resolved": "https://registry.npmjs.org/lowcarb/-/lowcarb-0.6.0.tgz",
      "integrity": "sha512-Yyi1VMZOSzbhIjvk2svWKOLHsnnFnGtRTL9pd2yVtSeGWDN1rEBX4qhvGgkC7P57Kx9bIXNwUqLEpJKMJaA/1w==",
      "dev": true,
      "requires": {
        "beautify-benchmark": "^0.2.4",
        "benchmark": "^2.1.4"
      }
    },
    "opossum": {
      "version": "5.0.0",
      "resolved": "https://registry.npmjs.org/opossum/-/opossum-5.0.0.tgz",
      "integrity": "sha512-wW5h73TzpDZ3XsdbxQhF3RXXZxHZb5pVDCo3QCe6c2OOd8RupD4XUYXtNCRKoyebde2+MdX2PFR6dQwAmloRkA=="
    },
    "platform": {
      "version": "1.3.6",
      "resolved": "https://registry.npmjs.org/platform/-/platform-1.3.6.tgz",
      "integrity": "sha512-fnWVljUchTro6RiCFvCXBbNhJc2NijN7oIQxbwsyL0buWJPG85v81ehlHI9fXrJsMNgTofEoWIQeClKpgxFLrg==",
      "dev": true
    }
  }
}
